
Microsoft Visual Studio Solution File, Format Version 12.00
# Visual Studio Version 17
VisualStudioVersion = 17.9.34902.65
MinimumVisualStudioVersion = 10.0.40219.1
Project("{FAE04EC0-301F-11D3-BF4B-00C04F79EFBC}") = "LabProjectRAiso", "LabProjectRAiso\LabProjectRAiso.csproj", "{34AD891B-5B8B-4990-A7F8-30AF5DB3974B}"
EndProject
Global
	GlobalSection(SolutionConfigurationPlatforms) = preSolution
		Debug|Any CPU = Debug|Any CPU
		Release|Any CPU = Release|Any CPU
	EndGlobalSection
	GlobalSection(ProjectConfigurationPlatforms) = postSolution
		{34AD891B-5B8B-4990-A7F8-30AF5DB3974B}.Debug|Any CPU.ActiveCfg = Debug|Any CPU
		{34AD891B-5B8B-4990-A7F8-30AF5DB3974B}.Debug|Any CPU.Build.0 = Debug|Any CPU
		{34AD891B-5B8B-4990-A7F8-30AF5DB3974B}.Release|Any CPU.ActiveCfg = Release|Any CPU
		{34AD891B-5B8B-4990-A7F8-30AF5DB3974B}.Release|Any CPU.Build.0 = Release|Any CPU
	EndGlobalSection
	GlobalSection(SolutionProperties) = preSolution
		HideSolutionNode = FALSE
	EndGlobalSection
	GlobalSection(ExtensibilityGlobals) = postSolution
		SolutionGuid = {C2858918-1DC4-4CD3-A443-A1128085E73F}
	EndGlobalSection
EndGlobal
